// !$*UTF8*$!
{
	archiveVersion = 1;
	classes = {
	};
	objectVersion = 50;
	objects = {

/* Begin PBXBuildFile section */
		DB20A9B9246798DD00EF2F13 /* AppDelegate.swift in Sources */ = {isa = PBXBuildFile; fileRef = DB20A9B8246798DD00EF2F13 /* AppDelegate.swift */; };
		DB20A9BF246798DD00EF2F13 /* GameScene.swift in Sources */ = {isa = PBXBuildFile; fileRef = DB20A9BE246798DD00EF2F13 /* GameScene.swift */; };
		DB20A9C1246798DD00EF2F13 /* GameViewController.swift in Sources */ = {isa = PBXBuildFile; fileRef = DB20A9C0246798DD00EF2F13 /* GameViewController.swift */; };
		DB20A9C4246798DD00EF2F13 /* Main.storyboard in Resources */ = {isa = PBXBuildFile; fileRef = DB20A9C2246798DD00EF2F13 /* Main.storyboard */; };
		DB20A9C6246798DE00EF2F13 /* Assets.xcassets in Resources */ = {isa = PBXBuildFile; fileRef = DB20A9C5246798DE00EF2F13 /* Assets.xcassets */; };
		DB20A9C9246798DE00EF2F13 /* LaunchScreen.storyboard in Resources */ = {isa = PBXBuildFile; fileRef = DB20A9C7246798DE00EF2F13 /* LaunchScreen.storyboard */; };
		DB20A9D124679C1600EF2F13 /* GameCore.swift in Sources */ = {isa = PBXBuildFile; fileRef = DB20A9D024679C1600EF2F13 /* GameCore.swift */; };
		DB2B1A8C246A50F0006D7C58 /* Storage.swift in Sources */ = {isa = PBXBuildFile; fileRef = DB2B1A8B246A50F0006D7C58 /* Storage.swift */; };
		DB30D6262468CDDE007BE794 /* MyTileSet.sks in Resources */ = {isa = PBXBuildFile; fileRef = DB30D6252468CDDE007BE794 /* MyTileSet.sks */; };
/* End PBXBuildFile section */

/* Begin PBXFileReference section */
		DB20A9B5246798DD00EF2F13 /* Life2D.app */ = {isa = PBXFileReference; explicitFileType = wrapper.application; includeInIndex = 0; path = Life2D.app; sourceTree = BUILT_PRODUCTS_DIR; };
		DB20A9B8246798DD00EF2F13 /* AppDelegate.swift */ = {isa = PBXFileReference; lastKnownFileType = sourcecode.swift; path = AppDelegate.swift; sourceTree = "<group>"; };
		DB20A9BE246798DD00EF2F13 /* GameScene.swift */ = {isa = PBXFileReference; lastKnownFileType = sourcecode.swift; path = GameScene.swift; sourceTree = "<group>"; };
		DB20A9C0246798DD00EF2F13 /* GameViewController.swift */ = {isa = PBXFileReference; lastKnownFileType = sourcecode.swift; path = GameViewController.swift; sourceTree = "<group>"; };
		DB20A9C3246798DD00EF2F13 /* Base */ = {isa = PBXFileReference; lastKnownFileType = file.storyboard; name = Base; path = Base.lproj/Main.storyboard; sourceTree = "<group>"; };
		DB20A9C5246798DE00EF2F13 /* Assets.xcassets */ = {isa = PBXFileReference; lastKnownFileType = folder.assetcatalog; path = Assets.xcassets; sourceTree = "<group>"; };
		DB20A9C8246798DE00EF2F13 /* Base */ = {isa = PBXFileReference; lastKnownFileType = file.storyboard; name = Base; path = Base.lproj/LaunchScreen.storyboard; sourceTree = "<group>"; };
		DB20A9CA246798DE00EF2F13 /* Info.plist */ = {isa = PBXFileReference; lastKnownFileType = text.plist.xml; path = Info.plist; sourceTree = "<group>"; };
		DB20A9D024679C1600EF2F13 /* GameCore.swift */ = {isa = PBXFileReference; lastKnownFileType = sourcecode.swift; path = GameCore.swift; sourceTree = "<group>"; };
		DB2B1A8B246A50F0006D7C58 /* Storage.swift */ = {isa = PBXFileReference; lastKnownFileType = sourcecode.swift; path = Storage.swift; sourceTree = "<group>"; };
		DB30D6252468CDDE007BE794 /* MyTileSet.sks */ = {isa = PBXFileReference; lastKnownFileType = file.sks; path = MyTileSet.sks; sourceTree = "<group>"; };
/* End PBXFileReference section */

/* Begin PBXFrameworksBuildPhase section */
		DB20A9B2246798DD00EF2F13 /* Frameworks */ = {
			isa = PBXFrameworksBuildPhase;
			buildActionMask = 2147483647;
			files = (
			);
			runOnlyForDeploymentPostprocessing = 0;
		};
/* End PBXFrameworksBuildPhase section */

/* Begin PBXGroup section */
		DB20A9AC246798DD00EF2F13 = {
			isa = PBXGroup;
			children = (
				DB20A9B7246798DD00EF2F13 /* Life2D */,
				DB20A9B6246798DD00EF2F13 /* Products */,
			);
			sourceTree = "<group>";
		};
		DB20A9B6246798DD00EF2F13 /* Products */ = {
			isa = PBXGroup;
			children = (
				DB20A9B5246798DD00EF2F13 /* Life2D.app */,
			);
			name = Products;
			sourceTree = "<group>";
		};
		DB20A9B7246798DD00EF2F13 /* Life2D */ = {
			isa = PBXGroup;
			children = (
				DB20A9B8246798DD00EF2F13 /* AppDelegate.swift */,
				DB20A9BE246798DD00EF2F13 /* GameScene.swift */,
				DB20A9C0246798DD00EF2F13 /* GameViewController.swift */,
				DB20A9C2246798DD00EF2F13 /* Main.storyboard */,
				DB20A9C5246798DE00EF2F13 /* Assets.xcassets */,
				DB20A9C7246798DE00EF2F13 /* LaunchScreen.storyboard */,
				DB20A9CA246798DE00EF2F13 /* Info.plist */,
				DB20A9D024679C1600EF2F13 /* GameCore.swift */,
				DB2B1A8B246A50F0006D7C58 /* Storage.swift */,
				DB30D6252468CDDE007BE794 /* MyTileSet.sks */,
			);
			path = Life2D;
			sourceTree = "<group>";
		};
/* End PBXGroup section */

/* Begin PBXNativeTarget section */
		DB20A9B4246798DD00EF2F13 /* Life2D */ = {
			isa = PBXNativeTarget;
			buildConfigurationList = DB20A9CD246798DE00EF2F13 /* Build configuration list for PBXNativeTarget "Life2D" */;
			buildPhases = (
				DB20A9B1246798DD00EF2F13 /* Sources */,
				DB20A9B2246798DD00EF2F13 /* Frameworks */,
				DB20A9B3246798DD00EF2F13 /* Resources */,
			);
			buildRules = (
			);
			dependencies = (
			);
			name = Life2D;
			productName = Life2D;
			productReference = DB20A9B5246798DD00EF2F13 /* Life2D.app */;
			productType = "com.apple.product-type.application";
		};
/* End PBXNativeTarget section */

/* Begin PBXProject section */
		DB20A9AD246798DD00EF2F13 /* Project object */ = {
			isa = PBXProject;
			attributes = {
				LastSwiftUpdateCheck = 1140;
				LastUpgradeCheck = 1140;
				ORGANIZATIONNAME = Ivan;
				TargetAttributes = {
					DB20A9B4246798DD00EF2F13 = {
						CreatedOnToolsVersion = 11.4.1;
					};
				};
			};
			buildConfigurationList = DB20A9B0246798DD00EF2F13 /* Build configuration list for PBXProject "Life2D" */;
			compatibilityVersion = "Xcode 9.3";
			developmentRegion = en;
			hasScannedForEncodings = 0;
			knownRegions = (
				en,
				Base,
			);
			mainGroup = DB20A9AC246798DD00EF2F13;
			productRefGroup = DB20A9B6246798DD00EF2F13 /* Products */;
			projectDirPath = "";
			projectRoot = "";
			targets = (
				DB20A9B4246798DD00EF2F13 /* Life2D */,
			);
		};
/* End PBXProject section */

/* Begin PBXResourcesBuildPhase section */
		DB20A9B3246798DD00EF2F13 /* Resources */ = {
			isa = PBXResourcesBuildPhase;
			buildActionMask = 2147483647;
			files = (
				DB20A9C4246798DD00EF2F13 /* Main.storyboard in Resources */,
				DB20A9C6246798DE00EF2F13 /* Assets.xcassets in Resources */,
				DB20A9C9246798DE00EF2F13 /* LaunchScreen.storyboard in Resources */,
				DB30D6262468CDDE007BE794 /* MyTileSet.sks in Resources */,
			);
			runOnlyForDeploymentPostprocessing = 0;
		};
/* End PBXResourcesBuildPhase section */

/* Begin PBXSourcesBuildPhase section */
		DB20A9B1246798DD00EF2F13 /* Sources */ = {
			isa = PBXSourcesBuildPhase;
			buildActionMask = 2147483647;
			files = (
				DB20A9BF246798DD00EF2F13 /* GameScene.swift in Sources */,
				DB20A9C1246798DD00EF2F13 /* GameViewController.swift in Sources */,
				DB20A9D124679C1600EF2F13 /* GameCore.swift in Sources */,
				DB20A9B9246798DD00EF2F13 /* AppDelegate.swift in Sources */,
				DB2B1A8C246A50F0006D7C58 /* Storage.swift in Sources */,
			);
			runOnlyForDeploymentPostprocessing = 0;
		};
/* End PBXSourcesBuildPhase section */

/* Begin PBXVariantGroup section */
		DB20A9C2246798DD00EF2F13 /* Main.storyboard */ = {
			isa = PBXVariantGroup;
			children = (
				DB20A9C3246798DD00EF2F13 /* Base */,
			);
			name = Main.storyboard;
			sourceTree = "<group>";
		};
		DB20A9C7246798DE00EF2F13 /* LaunchScreen.storyboard */ = {
			isa = PBXVariantGroup;
			children = (
				DB20A9C8246798DE00EF2F13 /* Base */,
			);
			name = LaunchScreen.storyboard;
			sourceTree = "<group>";
		};
/* End PBXVariantGroup section */

/* Begin XCBuildConfiguration section */
		DB20A9CB246798DE00EF2F13 /* Debug */ = {
			isa = XCBuildConfiguration;
			buildSettings = {
				ALWAYS_SEARCH_USER_PATHS = NO;
				CLANG_ANALYZER_NONNULL = YES;
				CLANG_ANALYZER_NUMBER_OBJECT_CONVERSION = YES_AGGRESSIVE;
				CLANG_CXX_LANGUAGE_STANDARD = "gnu++14";
				CLANG_CXX_LIBRARY = "libc++";
				CLANG_ENABLE_MODULES = YES;
				CLANG_ENABLE_OBJC_ARC = YES;
				CLANG_ENABLE_OBJC_WEAK = YES;
				CLANG_WARN_BLOCK_CAPTURE_AUTORELEASING = YES;
				CLANG_WARN_BOOL_CONVERSION = YES;
				CLANG_WARN_COMMA = YES;
				CLANG_WARN_CONSTANT_CONVERSION = YES;
				CLANG_WARN_DEPRECATED_OBJC_IMPLEMENTATIONS = YES;
				CLANG_WARN_DIRECT_OBJC_ISA_USAGE = YES_ERROR;
				CLANG_WARN_DOCUMENTATION_COMMENTS = YES;
				CLANG_WARN_EMPTY_BODY = YES;
				CLANG_WARN_ENUM_CONVERSION = YES;
				CLANG_WARN_INFINITE_RECURSION = YES;
				CLANG_WARN_INT_CONVERSION = YES;
				CLANG_WARN_NON_LITERAL_NULL_CONVERSION = YES;
				CLANG_WARN_OBJC_IMPLICIT_RETAIN_SELF = YES;
				CLANG_WARN_OBJC_LITERAL_CONVERSION = YES;
				CLANG_WARN_OBJC_ROOT_CLASS = YES_ERROR;
				CLANG_WARN_RANGE_LOOP_ANALYSIS = YES;
				CLANG_WARN_STRICT_PROTOTYPES = YES;
				CLANG_WARN_SUSPICIOUS_MOVE = YES;
				CLANG_WARN_UNGUARDED_AVAILABILITY = YES_AGGRESSIVE;
				CLANG_WARN_UNREACHABLE_CODE = YES;
				CLANG_WARN__DUPLICATE_METHOD_MATCH = YES;
				COPY_PHASE_STRIP = NO;
				DEBUG_INFORMATION_FORMAT = dwarf;
				ENABLE_STRICT_OBJC_MSGSEND = YES;
				ENABLE_TESTABILITY = YES;
				GCC_C_LANGUAGE_STANDARD = gnu11;
				GCC_DYNAMIC_NO_PIC = NO;
				GCC_NO_COMMON_BLOCKS = YES;
				GCC_OPTIMIZATION_LEVEL = 0;
				GCC_PREPROCESSOR_DEFINITIONS = (
					"DEBUG=1",
					"$(inherited)",
				);
				GCC_WARN_64_TO_32_BIT_CONVERSION = YES;
				GCC_WARN_ABOUT_RETURN_TYPE = YES_ERROR;
				GCC_WARN_UNDECLARED_SELECTOR = YES;
				GCC_WARN_UNINITIALIZED_AUTOS = YES_AGGRESSIVE;
				GCC_WARN_UNUSED_FUNCTION = YES;
				GCC_WARN_UNUSED_VARIABLE = YES;
				IPHONEOS_DEPLOYMENT_TARGET = 13.4;
				MTL_ENABLE_DEBUG_INFO = INCLUDE_SOURCE;
				MTL_FAST_MATH = YES;
				ONLY_ACTIVE_ARCH = YES;
				SDKROOT = iphoneos;
				SWIFT_ACTIVE_COMPILATION_CONDITIONS = DEBUG;
				SWIFT_OPTIMIZATION_LEVEL = "-Onone";
			};
			name = Debug;
		};
		DB20A9CC246798DE00EF2F13 /* Release */ = {
			isa = XCBuildConfiguration;
			buildSettings = {
				ALWAYS_SEARCH_USER_PATHS = NO;
				CLANG_ANALYZER_NONNULL = YES;
				CLANG_ANALYZER_NUMBER_OBJECT_CONVERSION = YES_AGGRESSIVE;
				CLANG_CXX_LANGUAGE_STANDARD = "gnu++14";
				CLANG_CXX_LIBRARY = "libc++";
				CLANG_ENABLE_MODULES = YES;
				CLANG_ENABLE_OBJC_ARC = YES;
				CLANG_ENABLE_OBJC_WEAK = YES;
				CLANG_WARN_BLOCK_CAPTURE_AUTORELEASING = YES;
				CLANG_WARN_BOOL_CONVERSION = YES;
				CLANG_WARN_COMMA = YES;
				CLANG_WARN_CONSTANT_CONVERSION = YES;
				CLANG_WARN_DEPRECATED_OBJC_IMPLEMENTATIONS = YES;
				CLANG_WARN_DIRECT_OBJC_ISA_USAGE = YES_ERROR;
				CLANG_WARN_DOCUMENTATION_COMMENTS = YES;
				CLANG_WARN_EMPTY_BODY = YES;
				CLANG_WARN_ENUM_CONVERSION = YES;
				CLANG_WARN_INFINITE_RECURSION = YES;
				CLANG_WARN_INT_CONVERSION = YES;
				CLANG_WARN_NON_LITERAL_NULL_CONVERSION = YES;
				CLANG_WARN_OBJC_IMPLICIT_RETAIN_SELF = YES;
				CLANG_WARN_OBJC_LITERAL_CONVERSION = YES;
				CLANG_WARN_OBJC_ROOT_CLASS = YES_ERROR;
				CLANG_WARN_RANGE_LOOP_ANALYSIS = YES;
				CLANG_WARN_STRICT_PROTOTYPES = YES;
				CLANG_WARN_SUSPICIOUS_MOVE = YES;
				CLANG_WARN_UNGUARDED_AVAILABILITY = YES_AGGRESSIVE;
				CLANG_WARN_UNREACHABLE_CODE = YES;
				CLANG_WARN__DUPLICATE_METHOD_MATCH = YES;
				COPY_PHASE_STRIP = NO;
				DEBUG_INFORMATION_FORMAT = "dwarf-with-dsym";
				ENABLE_NS_ASSERTIONS = NO;
				ENABLE_STRICT_OBJC_MSGSEND = YES;
				GCC_C_LANGUAGE_STANDARD = gnu11;
				GCC_NO_COMMON_BLOCKS = YES;
				GCC_WARN_64_TO_32_BIT_CONVERSION = YES;
				GCC_WARN_ABOUT_RETURN_TYPE = YES_ERROR;
				GCC_WARN_UNDECLARED_SELECTOR = YES;
				GCC_WARN_UNINITIALIZED_AUTOS = YES_AGGRESSIVE;
				GCC_WARN_UNUSED_FUNCTION = YES;
				GCC_WARN_UNUSED_VARIABLE = YES;
				IPHONEOS_DEPLOYMENT_TARGET = 13.4;
				MTL_ENABLE_DEBUG_INFO = NO;
				MTL_FAST_MATH = YES;
				SDKROOT = iphoneos;
				SWIFT_COMPILATION_MODE = wholemodule;
				SWIFT_OPTIMIZATION_LEVEL = "-O";
				VALIDATE_PRODUCT = YES;
			};
			name = Release;
		};
		DB20A9CE246798DE00EF2F13 /* Debug */ = {
			isa = XCBuildConfiguration;
			buildSettings = {
				ASSETCATALOG_COMPILER_APPICON_NAME = AppIcon;
				CODE_SIGN_STYLE = Automatic;
				DEVELOPMENT_TEAM = 3K2KKVR99A;
				INFOPLIST_FILE = Life2D/Info.plist;
				LD_RUNPATH_SEARCH_PATHS = (
					"$(inherited)",
					"@executable_path/Frameworks",
				);
				PRODUCT_BUNDLE_IDENTIFIER = com.vanish.Life2D;
				PRODUCT_NAME = "$(TARGET_NAME)";
				SWIFT_VERSION = 5.0;
				TARGETED_DEVICE_FAMILY = "1,2";
			};
			name = Debug;
		};
		DB20A9CF246798DE00EF2F13 /* Release */ = {
			isa = XCBuildConfiguration;
			buildSettings = {
				ASSETCATALOG_COMPILER_APPICON_NAME = AppIcon;
				CODE_SIGN_STYLE = Automatic;
				DEVELOPMENT_TEAM = 3K2KKVR99A;
				INFOPLIST_FILE = Life2D/Info.plist;
				LD_RUNPATH_SEARCH_PATHS = (
					"$(inherited)",
					"@executable_path/Frameworks",
				);
				PRODUCT_BUNDLE_IDENTIFIER = com.vanish.Life2D;
				PRODUCT_NAME = "$(TARGET_NAME)";
				SWIFT_VERSION = 5.0;
				TARGETED_DEVICE_FAMILY = "1,2";
			};
			name = Release;
		};
/* End XCBuildConfiguration section */

/* Begin XCConfigurationList section */
		DB20A9B0246798DD00EF2F13 /* Build configuration list for PBXProject "Life2D" */ = {
			isa = XCConfigurationList;
			buildConfigurations = (
				DB20A9CB246798DE00EF2F13 /* Debug */,
				DB20A9CC246798DE00EF2F13 /* Release */,
			);
			defaultConfigurationIsVisible = 0;
			defaultConfigurationName = Release;
		};
		DB20A9CD246798DE00EF2F13 /* Build configuration list for PBXNativeTarget "Life2D" */ = {
			isa = XCConfigurationList;
			buildConfigurations = (
				DB20A9CE246798DE00EF2F13 /* Debug */,
				DB20A9CF246798DE00EF2F13 /* Release */,
			);
			defaultConfigurationIsVisible = 0;
			defaultConfigurationName = Release;
		};
/* End XCConfigurationList section */
	};
	rootObject = DB20A9AD246798DD00EF2F13 /* Project object */;
}
